
Microsoft Visual Studio Solution File, Format Version 12.00
# Visual Studio Version 16
VisualStudioVersion = 16.0.30011.22
MinimumVisualStudioVersion = 10.0.40219.1
Project("{9A19103F-16F7-4668-BE54-9A1E7A4F7556}") = "OutilEnquete", "OutilEnquete\OutilEnquete.csproj", "{F305F540-8200-434A-B8A2-FBDAFA74CF1B}"
EndProject
Project("{9A19103F-16F7-4668-BE54-9A1E7A4F7556}") = "OPS.BOL", "OPS.BOL\OPS.BOL.csproj", "{A54F37E9-233C-4597-A4BC-2E29C5E3D39C}"
EndProject
Project("{9A19103F-16F7-4668-BE54-9A1E7A4F7556}") = "OPS.DAL", "OPS.DAL\OPS.DAL.csproj", "{60E2F422-9FCD-4B4D-A082-E0908CECB415}"
EndProject
Project("{FAE04EC0-301F-11D3-BF4B-00C04F79EFBC}") = "EmailApiOPS", "EmailApiOPS\EmailApiOPS.csproj", "{F45A56E1-7139-4EF5-AA18-AAB052DF934E}"
EndProject
Global
	GlobalSection(SolutionConfigurationPlatforms) = preSolution
		Debug|Any CPU = Debug|Any CPU
		Release|Any CPU = Release|Any CPU
	EndGlobalSection
	GlobalSection(ProjectConfigurationPlatforms) = postSolution
		{F305F540-8200-434A-B8A2-FBDAFA74CF1B}.Debug|Any CPU.ActiveCfg = Debug|Any CPU
		{F305F540-8200-434A-B8A2-FBDAFA74CF1B}.Debug|Any CPU.Build.0 = Debug|Any CPU
		{F305F540-8200-434A-B8A2-FBDAFA74CF1B}.Release|Any CPU.ActiveCfg = Release|Any CPU
		{F305F540-8200-434A-B8A2-FBDAFA74CF1B}.Release|Any CPU.Build.0 = Release|Any CPU
		{A54F37E9-233C-4597-A4BC-2E29C5E3D39C}.Debug|Any CPU.ActiveCfg = Debug|Any CPU
		{A54F37E9-233C-4597-A4BC-2E29C5E3D39C}.Debug|Any CPU.Build.0 = Debug|Any CPU
		{A54F37E9-233C-4597-A4BC-2E29C5E3D39C}.Release|Any CPU.ActiveCfg = Release|Any CPU
		{A54F37E9-233C-4597-A4BC-2E29C5E3D39C}.Release|Any CPU.Build.0 = Release|Any CPU
		{60E2F422-9FCD-4B4D-A082-E0908CECB415}.Debug|Any CPU.ActiveCfg = Debug|Any CPU
		{60E2F422-9FCD-4B4D-A082-E0908CECB415}.Debug|Any CPU.Build.0 = Debug|Any CPU
		{60E2F422-9FCD-4B4D-A082-E0908CECB415}.Release|Any CPU.ActiveCfg = Release|Any CPU
		{60E2F422-9FCD-4B4D-A082-E0908CECB415}.Release|Any CPU.Build.0 = Release|Any CPU
		{F45A56E1-7139-4EF5-AA18-AAB052DF934E}.Debug|Any CPU.ActiveCfg = Debug|Any CPU
		{F45A56E1-7139-4EF5-AA18-AAB052DF934E}.Debug|Any CPU.Build.0 = Debug|Any CPU
		{F45A56E1-7139-4EF5-AA18-AAB052DF934E}.Release|Any CPU.ActiveCfg = Release|Any CPU
		{F45A56E1-7139-4EF5-AA18-AAB052DF934E}.Release|Any CPU.Build.0 = Release|Any CPU
	EndGlobalSection
	GlobalSection(SolutionProperties) = preSolution
		HideSolutionNode = FALSE
	EndGlobalSection
	GlobalSection(ExtensibilityGlobals) = postSolution
		SolutionGuid = {CE457EAE-15E5-466A-8523-F841C3BB30B5}
	EndGlobalSection
EndGlobal
